
Microsoft Visual Studio Solution File, Format Version 12.00
# Visual Studio Version 17
VisualStudioVersion = 17.8.34330.188
MinimumVisualStudioVersion = 10.0.40219.1
Project("{FAE04EC0-301F-11D3-BF4B-00C04F79EFBC}") = "Pulse", "Pulse\Pulse.csproj", "{BE293905-73C2-616D-2891-A573E814895C}"
EndProject
Global
	GlobalSection(SolutionConfigurationPlatforms) = preSolution
		Debug_NewUser|Any CPU = Debug_NewUser|Any CPU
		Debug|Any CPU = Debug|Any CPU
		Release|Any CPU = Release|Any CPU
		Sample|Any CPU = Sample|Any CPU
	EndGlobalSection
	GlobalSection(ProjectConfigurationPlatforms) = postSolution
		{BE293905-73C2-616D-2891-A573E814895C}.Debug_NewUser|Any CPU.ActiveCfg = Debug_NewUser|Any CPU
		{BE293905-73C2-616D-2891-A573E814895C}.Debug_NewUser|Any CPU.Build.0 = Debug_NewUser|Any CPU
		{BE293905-73C2-616D-2891-A573E814895C}.Debug|Any CPU.ActiveCfg = Debug|Any CPU
		{BE293905-73C2-616D-2891-A573E814895C}.Debug|Any CPU.Build.0 = Debug|Any CPU
		{BE293905-73C2-616D-2891-A573E814895C}.Release|Any CPU.ActiveCfg = Release|Any CPU
		{BE293905-73C2-616D-2891-A573E814895C}.Release|Any CPU.Build.0 = Release|Any CPU
		{BE293905-73C2-616D-2891-A573E814895C}.Sample|Any CPU.ActiveCfg = Sample|Any CPU
		{BE293905-73C2-616D-2891-A573E814895C}.Sample|Any CPU.Build.0 = Sample|Any CPU
	EndGlobalSection
	GlobalSection(SolutionProperties) = preSolution
		HideSolutionNode = FALSE
	EndGlobalSection
	GlobalSection(ExtensibilityGlobals) = postSolution
		SolutionGuid = {7705DE96-C4C6-4F56-A397-56A24C4286F0}
	EndGlobalSection
EndGlobal
