
Microsoft Visual Studio Solution File, Format Version 12.00
# Visual Studio Version 17
VisualStudioVersion = 17.8.34330.188
MinimumVisualStudioVersion = 10.0.40219.1
Project("{FAE04EC0-301F-11D3-BF4B-00C04F79EFBC}") = "Pulse", "Pulse\Pulse.csproj", "{BE293905-73C2-616D-2891-A573E814895C}"
EndProject
Project("{B7DD6F7E-DEF8-4E67-B5B7-07EF123DB6F0}") = "Pulse Installer", "Pulse-Installer\Pulse Installer.wixproj", "{4FBA6CB1-0531-B5BD-05DA-4CD1ABE68608}"
EndProject
Project("{2150E333-8FDC-42A3-9474-1A3956D46DE8}") = "Solution Items", "Solution Items", "{8EC462FD-D22E-90A8-E5CE-7E832BA40C5D}"
	ProjectSection(SolutionItems) = preProject
		Directory.Build.props = Directory.Build.props
	EndProjectSection
EndProject
Project("{54435603-DBB4-11D2-8724-00A0C9A8B90C}") = "Pulse Launcher", "Pulse Launcher\Pulse Launcher.vdproj", "{003ED2CF-C3D4-74C1-319D-A336F81B5D11}"
EndProject
Global
	GlobalSection(SolutionConfigurationPlatforms) = preSolution
		Debug_NewUser|Any CPU = Debug_NewUser|Any CPU
		Debug_NewUser|ARM64 = Debug_NewUser|ARM64
		Debug_NewUser|x64 = Debug_NewUser|x64
		Debug_NewUser|x86 = Debug_NewUser|x86
		Debug|Any CPU = Debug|Any CPU
		Debug|ARM64 = Debug|ARM64
		Debug|x64 = Debug|x64
		Debug|x86 = Debug|x86
		Release|Any CPU = Release|Any CPU
		Release|ARM64 = Release|ARM64
		Release|x64 = Release|x64
		Release|x86 = Release|x86
		Sample|Any CPU = Sample|Any CPU
		Sample|ARM64 = Sample|ARM64
		Sample|x64 = Sample|x64
		Sample|x86 = Sample|x86
	EndGlobalSection
	GlobalSection(ProjectConfigurationPlatforms) = postSolution
		{BE293905-73C2-616D-2891-A573E814895C}.Debug_NewUser|Any CPU.ActiveCfg = Debug_NewUser|Any CPU
		{BE293905-73C2-616D-2891-A573E814895C}.Debug_NewUser|Any CPU.Build.0 = Debug_NewUser|Any CPU
		{BE293905-73C2-616D-2891-A573E814895C}.Debug_NewUser|ARM64.ActiveCfg = Debug_NewUser|Any CPU
		{BE293905-73C2-616D-2891-A573E814895C}.Debug_NewUser|ARM64.Build.0 = Debug_NewUser|Any CPU
		{BE293905-73C2-616D-2891-A573E814895C}.Debug_NewUser|x64.ActiveCfg = Debug_NewUser|x64
		{BE293905-73C2-616D-2891-A573E814895C}.Debug_NewUser|x64.Build.0 = Debug_NewUser|x64
		{BE293905-73C2-616D-2891-A573E814895C}.Debug_NewUser|x86.ActiveCfg = Debug_NewUser|Any CPU
		{BE293905-73C2-616D-2891-A573E814895C}.Debug_NewUser|x86.Build.0 = Debug_NewUser|Any CPU
		{BE293905-73C2-616D-2891-A573E814895C}.Debug|Any CPU.ActiveCfg = Debug|Any CPU
		{BE293905-73C2-616D-2891-A573E814895C}.Debug|Any CPU.Build.0 = Debug|Any CPU
		{BE293905-73C2-616D-2891-A573E814895C}.Debug|ARM64.ActiveCfg = Debug|Any CPU
		{BE293905-73C2-616D-2891-A573E814895C}.Debug|ARM64.Build.0 = Debug|Any CPU
		{BE293905-73C2-616D-2891-A573E814895C}.Debug|x64.ActiveCfg = Debug|x64
		{BE293905-73C2-616D-2891-A573E814895C}.Debug|x64.Build.0 = Debug|x64
		{BE293905-73C2-616D-2891-A573E814895C}.Debug|x86.ActiveCfg = Debug|Any CPU
		{BE293905-73C2-616D-2891-A573E814895C}.Debug|x86.Build.0 = Debug|Any CPU
		{BE293905-73C2-616D-2891-A573E814895C}.Release|Any CPU.ActiveCfg = Release|Any CPU
		{BE293905-73C2-616D-2891-A573E814895C}.Release|Any CPU.Build.0 = Release|Any CPU
		{BE293905-73C2-616D-2891-A573E814895C}.Release|ARM64.ActiveCfg = Release|Any CPU
		{BE293905-73C2-616D-2891-A573E814895C}.Release|ARM64.Build.0 = Release|Any CPU
		{BE293905-73C2-616D-2891-A573E814895C}.Release|x64.ActiveCfg = Release|x64
		{BE293905-73C2-616D-2891-A573E814895C}.Release|x64.Build.0 = Release|x64
		{BE293905-73C2-616D-2891-A573E814895C}.Release|x86.ActiveCfg = Release|Any CPU
		{BE293905-73C2-616D-2891-A573E814895C}.Release|x86.Build.0 = Release|Any CPU
		{BE293905-73C2-616D-2891-A573E814895C}.Sample|Any CPU.ActiveCfg = Sample|Any CPU
		{BE293905-73C2-616D-2891-A573E814895C}.Sample|Any CPU.Build.0 = Sample|Any CPU
		{BE293905-73C2-616D-2891-A573E814895C}.Sample|ARM64.ActiveCfg = Sample|Any CPU
		{BE293905-73C2-616D-2891-A573E814895C}.Sample|ARM64.Build.0 = Sample|Any CPU
		{BE293905-73C2-616D-2891-A573E814895C}.Sample|x64.ActiveCfg = Sample|x64
		{BE293905-73C2-616D-2891-A573E814895C}.Sample|x64.Build.0 = Sample|x64
		{BE293905-73C2-616D-2891-A573E814895C}.Sample|x86.ActiveCfg = Sample|Any CPU
		{BE293905-73C2-616D-2891-A573E814895C}.Sample|x86.Build.0 = Sample|Any CPU
		{4FBA6CB1-0531-B5BD-05DA-4CD1ABE68608}.Debug_NewUser|Any CPU.ActiveCfg = Debug|x64
		{4FBA6CB1-0531-B5BD-05DA-4CD1ABE68608}.Debug_NewUser|Any CPU.Build.0 = Debug|x64
		{4FBA6CB1-0531-B5BD-05DA-4CD1ABE68608}.Debug_NewUser|ARM64.ActiveCfg = Debug|ARM64
		{4FBA6CB1-0531-B5BD-05DA-4CD1ABE68608}.Debug_NewUser|ARM64.Build.0 = Debug|ARM64
		{4FBA6CB1-0531-B5BD-05DA-4CD1ABE68608}.Debug_NewUser|x64.ActiveCfg = Debug|x64
		{4FBA6CB1-0531-B5BD-05DA-4CD1ABE68608}.Debug_NewUser|x64.Build.0 = Debug|x64
		{4FBA6CB1-0531-B5BD-05DA-4CD1ABE68608}.Debug_NewUser|x86.ActiveCfg = Debug|x86
		{4FBA6CB1-0531-B5BD-05DA-4CD1ABE68608}.Debug_NewUser|x86.Build.0 = Debug|x86
		{4FBA6CB1-0531-B5BD-05DA-4CD1ABE68608}.Debug|Any CPU.ActiveCfg = Debug|x64
		{4FBA6CB1-0531-B5BD-05DA-4CD1ABE68608}.Debug|Any CPU.Build.0 = Debug|x64
		{4FBA6CB1-0531-B5BD-05DA-4CD1ABE68608}.Debug|ARM64.ActiveCfg = Debug|ARM64
		{4FBA6CB1-0531-B5BD-05DA-4CD1ABE68608}.Debug|ARM64.Build.0 = Debug|ARM64
		{4FBA6CB1-0531-B5BD-05DA-4CD1ABE68608}.Debug|x64.ActiveCfg = Debug|x64
		{4FBA6CB1-0531-B5BD-05DA-4CD1ABE68608}.Debug|x64.Build.0 = Debug|x64
		{4FBA6CB1-0531-B5BD-05DA-4CD1ABE68608}.Debug|x86.ActiveCfg = Debug|x86
		{4FBA6CB1-0531-B5BD-05DA-4CD1ABE68608}.Debug|x86.Build.0 = Debug|x86
		{4FBA6CB1-0531-B5BD-05DA-4CD1ABE68608}.Release|Any CPU.ActiveCfg = Release|x64
		{4FBA6CB1-0531-B5BD-05DA-4CD1ABE68608}.Release|Any CPU.Build.0 = Release|x64
		{4FBA6CB1-0531-B5BD-05DA-4CD1ABE68608}.Release|ARM64.ActiveCfg = Release|ARM64
		{4FBA6CB1-0531-B5BD-05DA-4CD1ABE68608}.Release|ARM64.Build.0 = Release|ARM64
		{4FBA6CB1-0531-B5BD-05DA-4CD1ABE68608}.Release|x64.ActiveCfg = Release|x64
		{4FBA6CB1-0531-B5BD-05DA-4CD1ABE68608}.Release|x64.Build.0 = Release|x64
		{4FBA6CB1-0531-B5BD-05DA-4CD1ABE68608}.Release|x86.ActiveCfg = Release|x86
		{4FBA6CB1-0531-B5BD-05DA-4CD1ABE68608}.Release|x86.Build.0 = Release|x86
		{4FBA6CB1-0531-B5BD-05DA-4CD1ABE68608}.Sample|Any CPU.ActiveCfg = Release|x64
		{4FBA6CB1-0531-B5BD-05DA-4CD1ABE68608}.Sample|Any CPU.Build.0 = Release|x64
		{4FBA6CB1-0531-B5BD-05DA-4CD1ABE68608}.Sample|ARM64.ActiveCfg = Release|ARM64
		{4FBA6CB1-0531-B5BD-05DA-4CD1ABE68608}.Sample|ARM64.Build.0 = Release|ARM64
		{4FBA6CB1-0531-B5BD-05DA-4CD1ABE68608}.Sample|x64.ActiveCfg = Release|x64
		{4FBA6CB1-0531-B5BD-05DA-4CD1ABE68608}.Sample|x64.Build.0 = Release|x64
		{4FBA6CB1-0531-B5BD-05DA-4CD1ABE68608}.Sample|x86.ActiveCfg = Release|x86
		{4FBA6CB1-0531-B5BD-05DA-4CD1ABE68608}.Sample|x86.Build.0 = Release|x86
		{003ED2CF-C3D4-74C1-319D-A336F81B5D11}.Debug_NewUser|Any CPU.ActiveCfg = Debug
		{003ED2CF-C3D4-74C1-319D-A336F81B5D11}.Debug_NewUser|ARM64.ActiveCfg = Debug
		{003ED2CF-C3D4-74C1-319D-A336F81B5D11}.Debug_NewUser|x64.ActiveCfg = Debug
		{003ED2CF-C3D4-74C1-319D-A336F81B5D11}.Debug_NewUser|x86.ActiveCfg = Debug
		{003ED2CF-C3D4-74C1-319D-A336F81B5D11}.Debug|Any CPU.ActiveCfg = Debug
		{003ED2CF-C3D4-74C1-319D-A336F81B5D11}.Debug|ARM64.ActiveCfg = Debug
		{003ED2CF-C3D4-74C1-319D-A336F81B5D11}.Debug|x64.ActiveCfg = Debug
		{003ED2CF-C3D4-74C1-319D-A336F81B5D11}.Debug|x86.ActiveCfg = Debug
		{003ED2CF-C3D4-74C1-319D-A336F81B5D11}.Release|Any CPU.ActiveCfg = Release
		{003ED2CF-C3D4-74C1-319D-A336F81B5D11}.Release|ARM64.ActiveCfg = Release
		{003ED2CF-C3D4-74C1-319D-A336F81B5D11}.Release|x64.ActiveCfg = Release
		{003ED2CF-C3D4-74C1-319D-A336F81B5D11}.Release|x86.ActiveCfg = Release
		{003ED2CF-C3D4-74C1-319D-A336F81B5D11}.Sample|Any CPU.ActiveCfg = Release
		{003ED2CF-C3D4-74C1-319D-A336F81B5D11}.Sample|ARM64.ActiveCfg = Release
		{003ED2CF-C3D4-74C1-319D-A336F81B5D11}.Sample|x64.ActiveCfg = Release
		{003ED2CF-C3D4-74C1-319D-A336F81B5D11}.Sample|x86.ActiveCfg = Release
	EndGlobalSection
	GlobalSection(SolutionProperties) = preSolution
		HideSolutionNode = FALSE
	EndGlobalSection
	GlobalSection(ExtensibilityGlobals) = postSolution
		SolutionGuid = {7705DE96-C4C6-4F56-A397-56A24C4286F0}
	EndGlobalSection
EndGlobal
